
Microsoft Visual Studio Solution File, Format Version 12.00
# Visual Studio Version 17
VisualStudioVersion = 17.1.32421.90
MinimumVisualStudioVersion = 10.0.40219.1
Project("{9A19103F-16F7-4668-BE54-9A1E7A4F7556}") = "ZenonCli", "ZenonCli\ZenonCli.csproj", "{7C6B2ACE-919A-4918-84BA-56FD13209FBA}"
EndProject
Global
	GlobalSection(SolutionConfigurationPlatforms) = preSolution
		Debug|Any CPU = Debug|Any CPU
		Release|Any CPU = Release|Any CPU
	EndGlobalSection
	GlobalSection(ProjectConfigurationPlatforms) = postSolution
		{7C6B2ACE-919A-4918-84BA-56FD13209FBA}.Debug|Any CPU.ActiveCfg = Debug|Any CPU
		{7C6B2ACE-919A-4918-84BA-56FD13209FBA}.Debug|Any CPU.Build.0 = Debug|Any CPU
		{7C6B2ACE-919A-4918-84BA-56FD13209FBA}.Release|Any CPU.ActiveCfg = Release|Any CPU
		{7C6B2ACE-919A-4918-84BA-56FD13209FBA}.Release|Any CPU.Build.0 = Release|Any CPU
	EndGlobalSection
	GlobalSection(SolutionProperties) = preSolution
		HideSolutionNode = FALSE
	EndGlobalSection
	GlobalSection(ExtensibilityGlobals) = postSolution
		SolutionGuid = {6A5EE515-DECD-4071-A970-058D3F808426}
	EndGlobalSection
EndGlobal
